
Microsoft Visual Studio Solution File, Format Version 12.00
# Visual Studio Version 16
VisualStudioVersion = 16.0.28729.10
MinimumVisualStudioVersion = 10.0.40219.1
Project("{8BC9CEB8-8B4A-11D0-8D11-00A0C91BC942}") = "LinkedList example", "LinkedList example\LinkedList example.vcxproj", "{E32E49E9-353F-4161-ADEE-89BB082ED3E2}"
EndProject
Global
	GlobalSection(SolutionConfigurationPlatforms) = preSolution
		Debug|x64 = Debug|x64
		Debug|x86 = Debug|x86
		Release|x64 = Release|x64
		Release|x86 = Release|x86
	EndGlobalSection
	GlobalSection(ProjectConfigurationPlatforms) = postSolution
		{E32E49E9-353F-4161-ADEE-89BB082ED3E2}.Debug|x64.ActiveCfg = Debug|x64
		{E32E49E9-353F-4161-ADEE-89BB082ED3E2}.Debug|x64.Build.0 = Debug|x64
		{E32E49E9-353F-4161-ADEE-89BB082ED3E2}.Debug|x86.ActiveCfg = Debug|Win32
		{E32E49E9-353F-4161-ADEE-89BB082ED3E2}.Debug|x86.Build.0 = Debug|Win32
		{E32E49E9-353F-4161-ADEE-89BB082ED3E2}.Release|x64.ActiveCfg = Release|x64
		{E32E49E9-353F-4161-ADEE-89BB082ED3E2}.Release|x64.Build.0 = Release|x64
		{E32E49E9-353F-4161-ADEE-89BB082ED3E2}.Release|x86.ActiveCfg = Release|Win32
		{E32E49E9-353F-4161-ADEE-89BB082ED3E2}.Release|x86.Build.0 = Release|Win32
	EndGlobalSection
	GlobalSection(SolutionProperties) = preSolution
		HideSolutionNode = FALSE
	EndGlobalSection
	GlobalSection(ExtensibilityGlobals) = postSolution
		SolutionGuid = {5CB26F45-E32D-4DEE-972B-95CEFDF235F9}
	EndGlobalSection
EndGlobal
